// !$*UTF8*$!
{
	archiveVersion = 1;
	classes = {
	};
	objectVersion = 50;
	objects = {

/* Begin PBXBuildFile section */
		29E1B0F4281407BC00BB3227 /* Song.swift in Sources */ = {isa = PBXBuildFile; fileRef = 29E1B0F3281407BC00BB3227 /* Song.swift */; };
		29E1B0F628140AB000BB3227 /* Observable.swift in Sources */ = {isa = PBXBuildFile; fileRef = 29E1B0F528140AB000BB3227 /* Observable.swift */; };
		29E1B0F8281412A900BB3227 /* Endpoint.swift in Sources */ = {isa = PBXBuildFile; fileRef = 29E1B0F7281412A900BB3227 /* Endpoint.swift */; };
		29E1B0FB2814134700BB3227 /* DefaultSongsRepository.swift in Sources */ = {isa = PBXBuildFile; fileRef = 29E1B0FA2814134700BB3227 /* DefaultSongsRepository.swift */; };
		29E1B100281413C800BB3227 /* SongsRepository.swift in Sources */ = {isa = PBXBuildFile; fileRef = 29E1B0FF281413C800BB3227 /* SongsRepository.swift */; };
		29E1B1022814141000BB3227 /* Cancellable.swift in Sources */ = {isa = PBXBuildFile; fileRef = 29E1B1012814141000BB3227 /* Cancellable.swift */; };
		29E1B105281414A400BB3227 /* RepositoryTask.swift in Sources */ = {isa = PBXBuildFile; fileRef = 29E1B104281414A400BB3227 /* RepositoryTask.swift */; };
		29E1B1082814156700BB3227 /* APIEndpoints.swift in Sources */ = {isa = PBXBuildFile; fileRef = 29E1B1072814156700BB3227 /* APIEndpoints.swift */; };
		29E1B10B281415AD00BB3227 /* SongsResponseDTO+Mapping.swift in Sources */ = {isa = PBXBuildFile; fileRef = 29E1B10A281415AD00BB3227 /* SongsResponseDTO+Mapping.swift */; };
		29E1B10D281419A300BB3227 /* ConnectionError.swift in Sources */ = {isa = PBXBuildFile; fileRef = 29E1B10C281419A300BB3227 /* ConnectionError.swift */; };
		29E1B10F28141E8900BB3227 /* Alertable.swift in Sources */ = {isa = PBXBuildFile; fileRef = 29E1B10E28141E8900BB3227 /* Alertable.swift */; };
		29E1B11128152A8D00BB3227 /* DefaulAudioRepository.swift in Sources */ = {isa = PBXBuildFile; fileRef = 29E1B11028152A8D00BB3227 /* DefaulAudioRepository.swift */; };
		29E1B11328152B0500BB3227 /* AudioRepository.swift in Sources */ = {isa = PBXBuildFile; fileRef = 29E1B11228152B0500BB3227 /* AudioRepository.swift */; };
		29E1B11528156D2F00BB3227 /* Trackable.swift in Sources */ = {isa = PBXBuildFile; fileRef = 29E1B11428156D2F00BB3227 /* Trackable.swift */; };
		29E7386D2816F4BC006CE487 /* ProgressCicrle.swift in Sources */ = {isa = PBXBuildFile; fileRef = 29E7386C2816F4BC006CE487 /* ProgressCicrle.swift */; };
		FAF516AB2812BC1600730323 /* AppDelegate.swift in Sources */ = {isa = PBXBuildFile; fileRef = FAF516AA2812BC1600730323 /* AppDelegate.swift */; };
		FAF516B32812BC1600730323 /* CoreDataStorage.xcdatamodeld in Sources */ = {isa = PBXBuildFile; fileRef = FAF516B12812BC1600730323 /* CoreDataStorage.xcdatamodeld */; };
		FAF516B52812BC1800730323 /* Assets.xcassets in Resources */ = {isa = PBXBuildFile; fileRef = FAF516B42812BC1800730323 /* Assets.xcassets */; };
		FAF516B82812BC1800730323 /* LaunchScreen.storyboard in Resources */ = {isa = PBXBuildFile; fileRef = FAF516B62812BC1800730323 /* LaunchScreen.storyboard */; };
		FAF516C32812BC1800730323 /* BandLabAppTests.swift in Sources */ = {isa = PBXBuildFile; fileRef = FAF516C22812BC1800730323 /* BandLabAppTests.swift */; };
		FAF516D62813D81D00730323 /* Localizable.strings in Resources */ = {isa = PBXBuildFile; fileRef = FAF516D52813D81D00730323 /* Localizable.strings */; };
		FAF516DA2813DA5F00730323 /* CoreDataStorage.swift in Sources */ = {isa = PBXBuildFile; fileRef = FAF516D92813DA5F00730323 /* CoreDataStorage.swift */; };
		FAF516DD2813DB0D00730323 /* AppFlowCoordinator.swift in Sources */ = {isa = PBXBuildFile; fileRef = FAF516DC2813DB0D00730323 /* AppFlowCoordinator.swift */; };
		FAF516DF2813DB2900730323 /* AppDIContainer.swift in Sources */ = {isa = PBXBuildFile; fileRef = FAF516DE2813DB2900730323 /* AppDIContainer.swift */; };
		FAF516E12813DC6200730323 /* SongsSceneDIContainer.swift in Sources */ = {isa = PBXBuildFile; fileRef = FAF516E02813DC6200730323 /* SongsSceneDIContainer.swift */; };
		FAF516E32813DDB100730323 /* AppAppearance.swift in Sources */ = {isa = PBXBuildFile; fileRef = FAF516E22813DDB100730323 /* AppAppearance.swift */; };
		FAF516E72813E01C00730323 /* SongsFlowCoordinator.swift in Sources */ = {isa = PBXBuildFile; fileRef = FAF516E62813E01C00730323 /* SongsFlowCoordinator.swift */; };
		FAF516E92813E0E700730323 /* AppConfiguration.swift in Sources */ = {isa = PBXBuildFile; fileRef = FAF516E82813E0E700730323 /* AppConfiguration.swift */; };
		FAF516EB2813E49300730323 /* DataTransferService.swift in Sources */ = {isa = PBXBuildFile; fileRef = FAF516EA2813E49300730323 /* DataTransferService.swift */; };
		FAF516ED2813E54800730323 /* NetworkConfig.swift in Sources */ = {isa = PBXBuildFile; fileRef = FAF516EC2813E54800730323 /* NetworkConfig.swift */; };
		FAF516EF2813E5BD00730323 /* NetworkService.swift in Sources */ = {isa = PBXBuildFile; fileRef = FAF516EE2813E5BD00730323 /* NetworkService.swift */; };
		FAF516F42813F22000730323 /* SongsListViewController.swift in Sources */ = {isa = PBXBuildFile; fileRef = FAF516F32813F22000730323 /* SongsListViewController.swift */; };
		FAF516F62813F25600730323 /* SongsListViewController.storyboard in Resources */ = {isa = PBXBuildFile; fileRef = FAF516F52813F25600730323 /* SongsListViewController.storyboard */; };
		FAF516F82813F3B500730323 /* SongsListViewModel.swift in Sources */ = {isa = PBXBuildFile; fileRef = FAF516F72813F3B500730323 /* SongsListViewModel.swift */; };
		FAF516FA2813F3C000730323 /* SongsListItemViewModel.swift in Sources */ = {isa = PBXBuildFile; fileRef = FAF516F92813F3BF00730323 /* SongsListItemViewModel.swift */; };
		FAF516FD2813F3E400730323 /* SongsListTableViewController.swift in Sources */ = {isa = PBXBuildFile; fileRef = FAF516FC2813F3E400730323 /* SongsListTableViewController.swift */; };
		FAF517002813F41000730323 /* SongsListItemCell.swift in Sources */ = {isa = PBXBuildFile; fileRef = FAF516FF2813F41000730323 /* SongsListItemCell.swift */; };
		FAF517042813F78100730323 /* StoryboardInstantiable.swift in Sources */ = {isa = PBXBuildFile; fileRef = FAF517032813F78100730323 /* StoryboardInstantiable.swift */; };
/* End PBXBuildFile section */

/* Begin PBXContainerItemProxy section */
		FAF516BF2812BC1800730323 /* PBXContainerItemProxy */ = {
			isa = PBXContainerItemProxy;
			containerPortal = FAF5169F2812BC1600730323 /* Project object */;
			proxyType = 1;
			remoteGlobalIDString = FAF516A62812BC1600730323;
			remoteInfo = BandLabApp;
		};
/* End PBXContainerItemProxy section */

/* Begin PBXFileReference section */
		29E1B0F3281407BC00BB3227 /* Song.swift */ = {isa = PBXFileReference; lastKnownFileType = sourcecode.swift; path = Song.swift; sourceTree = "<group>"; };
		29E1B0F528140AB000BB3227 /* Observable.swift */ = {isa = PBXFileReference; lastKnownFileType = sourcecode.swift; path = Observable.swift; sourceTree = "<group>"; };
		29E1B0F7281412A900BB3227 /* Endpoint.swift */ = {isa = PBXFileReference; lastKnownFileType = sourcecode.swift; path = Endpoint.swift; sourceTree = "<group>"; };
		29E1B0FA2814134700BB3227 /* DefaultSongsRepository.swift */ = {isa = PBXFileReference; lastKnownFileType = sourcecode.swift; path = DefaultSongsRepository.swift; sourceTree = "<group>"; };
		29E1B0FF281413C800BB3227 /* SongsRepository.swift */ = {isa = PBXFileReference; lastKnownFileType = sourcecode.swift; path = SongsRepository.swift; sourceTree = "<group>"; };
		29E1B1012814141000BB3227 /* Cancellable.swift */ = {isa = PBXFileReference; lastKnownFileType = sourcecode.swift; path = Cancellable.swift; sourceTree = "<group>"; };
		29E1B104281414A400BB3227 /* RepositoryTask.swift */ = {isa = PBXFileReference; lastKnownFileType = sourcecode.swift; path = RepositoryTask.swift; sourceTree = "<group>"; };
		29E1B1072814156700BB3227 /* APIEndpoints.swift */ = {isa = PBXFileReference; lastKnownFileType = sourcecode.swift; path = APIEndpoints.swift; sourceTree = "<group>"; };
		29E1B10A281415AD00BB3227 /* SongsResponseDTO+Mapping.swift */ = {isa = PBXFileReference; lastKnownFileType = sourcecode.swift; path = "SongsResponseDTO+Mapping.swift"; sourceTree = "<group>"; };
		29E1B10C281419A300BB3227 /* ConnectionError.swift */ = {isa = PBXFileReference; lastKnownFileType = sourcecode.swift; path = ConnectionError.swift; sourceTree = "<group>"; };
		29E1B10E28141E8900BB3227 /* Alertable.swift */ = {isa = PBXFileReference; lastKnownFileType = sourcecode.swift; path = Alertable.swift; sourceTree = "<group>"; };
		29E1B11028152A8D00BB3227 /* DefaulAudioRepository.swift */ = {isa = PBXFileReference; lastKnownFileType = sourcecode.swift; path = DefaulAudioRepository.swift; sourceTree = "<group>"; };
		29E1B11228152B0500BB3227 /* AudioRepository.swift */ = {isa = PBXFileReference; lastKnownFileType = sourcecode.swift; path = AudioRepository.swift; sourceTree = "<group>"; };
		29E1B11428156D2F00BB3227 /* Trackable.swift */ = {isa = PBXFileReference; lastKnownFileType = sourcecode.swift; path = Trackable.swift; sourceTree = "<group>"; };
		29E7386C2816F4BC006CE487 /* ProgressCicrle.swift */ = {isa = PBXFileReference; lastKnownFileType = sourcecode.swift; path = ProgressCicrle.swift; sourceTree = "<group>"; };
		FAF516A72812BC1600730323 /* BandLabApp.app */ = {isa = PBXFileReference; explicitFileType = wrapper.application; includeInIndex = 0; path = BandLabApp.app; sourceTree = BUILT_PRODUCTS_DIR; };
		FAF516AA2812BC1600730323 /* AppDelegate.swift */ = {isa = PBXFileReference; lastKnownFileType = sourcecode.swift; path = AppDelegate.swift; sourceTree = "<group>"; };
		FAF516B22812BC1600730323 /* BandLabApp.xcdatamodel */ = {isa = PBXFileReference; lastKnownFileType = wrapper.xcdatamodel; path = BandLabApp.xcdatamodel; sourceTree = "<group>"; };
		FAF516B42812BC1800730323 /* Assets.xcassets */ = {isa = PBXFileReference; lastKnownFileType = folder.assetcatalog; path = Assets.xcassets; sourceTree = "<group>"; };
		FAF516B72812BC1800730323 /* Base */ = {isa = PBXFileReference; lastKnownFileType = file.storyboard; name = Base; path = Base.lproj/LaunchScreen.storyboard; sourceTree = "<group>"; };
		FAF516B92812BC1800730323 /* Info.plist */ = {isa = PBXFileReference; lastKnownFileType = text.plist.xml; path = Info.plist; sourceTree = "<group>"; };
		FAF516BE2812BC1800730323 /* BandLabAppTests.xctest */ = {isa = PBXFileReference; explicitFileType = wrapper.cfbundle; includeInIndex = 0; path = BandLabAppTests.xctest; sourceTree = BUILT_PRODUCTS_DIR; };
		FAF516C22812BC1800730323 /* BandLabAppTests.swift */ = {isa = PBXFileReference; lastKnownFileType = sourcecode.swift; path = BandLabAppTests.swift; sourceTree = "<group>"; };
		FAF516C42812BC1800730323 /* Info.plist */ = {isa = PBXFileReference; lastKnownFileType = text.plist.xml; path = Info.plist; sourceTree = "<group>"; };
		FAF516D52813D81D00730323 /* Localizable.strings */ = {isa = PBXFileReference; lastKnownFileType = text.plist.strings; path = Localizable.strings; sourceTree = "<group>"; };
		FAF516D92813DA5F00730323 /* CoreDataStorage.swift */ = {isa = PBXFileReference; lastKnownFileType = sourcecode.swift; path = CoreDataStorage.swift; sourceTree = "<group>"; };
		FAF516DC2813DB0D00730323 /* AppFlowCoordinator.swift */ = {isa = PBXFileReference; lastKnownFileType = sourcecode.swift; path = AppFlowCoordinator.swift; sourceTree = "<group>"; };
		FAF516DE2813DB2900730323 /* AppDIContainer.swift */ = {isa = PBXFileReference; lastKnownFileType = sourcecode.swift; path = AppDIContainer.swift; sourceTree = "<group>"; };
		FAF516E02813DC6200730323 /* SongsSceneDIContainer.swift */ = {isa = PBXFileReference; lastKnownFileType = sourcecode.swift; path = SongsSceneDIContainer.swift; sourceTree = "<group>"; };
		FAF516E22813DDB100730323 /* AppAppearance.swift */ = {isa = PBXFileReference; lastKnownFileType = sourcecode.swift; path = AppAppearance.swift; sourceTree = "<group>"; };
		FAF516E62813E01C00730323 /* SongsFlowCoordinator.swift */ = {isa = PBXFileReference; lastKnownFileType = sourcecode.swift; path = SongsFlowCoordinator.swift; sourceTree = "<group>"; };
		FAF516E82813E0E700730323 /* AppConfiguration.swift */ = {isa = PBXFileReference; lastKnownFileType = sourcecode.swift; path = AppConfiguration.swift; sourceTree = "<group>"; };
		FAF516EA2813E49300730323 /* DataTransferService.swift */ = {isa = PBXFileReference; lastKnownFileType = sourcecode.swift; path = DataTransferService.swift; sourceTree = "<group>"; };
		FAF516EC2813E54800730323 /* NetworkConfig.swift */ = {isa = PBXFileReference; lastKnownFileType = sourcecode.swift; path = NetworkConfig.swift; sourceTree = "<group>"; };
		FAF516EE2813E5BD00730323 /* NetworkService.swift */ = {isa = PBXFileReference; lastKnownFileType = sourcecode.swift; path = NetworkService.swift; sourceTree = "<group>"; };
		FAF516F32813F22000730323 /* SongsListViewController.swift */ = {isa = PBXFileReference; lastKnownFileType = sourcecode.swift; path = SongsListViewController.swift; sourceTree = "<group>"; };
		FAF516F52813F25600730323 /* SongsListViewController.storyboard */ = {isa = PBXFileReference; lastKnownFileType = file.storyboard; path = SongsListViewController.storyboard; sourceTree = "<group>"; };
		FAF516F72813F3B500730323 /* SongsListViewModel.swift */ = {isa = PBXFileReference; lastKnownFileType = sourcecode.swift; path = SongsListViewModel.swift; sourceTree = "<group>"; };
		FAF516F92813F3BF00730323 /* SongsListItemViewModel.swift */ = {isa = PBXFileReference; lastKnownFileType = sourcecode.swift; path = SongsListItemViewModel.swift; sourceTree = "<group>"; };
		FAF516FC2813F3E400730323 /* SongsListTableViewController.swift */ = {isa = PBXFileReference; lastKnownFileType = sourcecode.swift; path = SongsListTableViewController.swift; sourceTree = "<group>"; };
		FAF516FF2813F41000730323 /* SongsListItemCell.swift */ = {isa = PBXFileReference; lastKnownFileType = sourcecode.swift; path = SongsListItemCell.swift; sourceTree = "<group>"; };
		FAF517032813F78100730323 /* StoryboardInstantiable.swift */ = {isa = PBXFileReference; lastKnownFileType = sourcecode.swift; path = StoryboardInstantiable.swift; sourceTree = "<group>"; };
/* End PBXFileReference section */

/* Begin PBXFrameworksBuildPhase section */
		FAF516A42812BC1600730323 /* Frameworks */ = {
			isa = PBXFrameworksBuildPhase;
			buildActionMask = 2147483647;
			files = (
			);
			runOnlyForDeploymentPostprocessing = 0;
		};
		FAF516BB2812BC1800730323 /* Frameworks */ = {
			isa = PBXFrameworksBuildPhase;
			buildActionMask = 2147483647;
			files = (
			);
			runOnlyForDeploymentPostprocessing = 0;
		};
/* End PBXFrameworksBuildPhase section */

/* Begin PBXGroup section */
		29E1B0F12814078C00BB3227 /* Entities */ = {
			isa = PBXGroup;
			children = (
				29E1B0F3281407BC00BB3227 /* Song.swift */,
			);
			path = Entities;
			sourceTree = "<group>";
		};
		29E1B0F2281407A300BB3227 /* Common */ = {
			isa = PBXGroup;
			children = (
				29E1B1012814141000BB3227 /* Cancellable.swift */,
				29E1B10C281419A300BB3227 /* ConnectionError.swift */,
				29E1B11428156D2F00BB3227 /* Trackable.swift */,
			);
			path = Common;
			sourceTree = "<group>";
		};
		29E1B0F92814132800BB3227 /* Repositories */ = {
			isa = PBXGroup;
			children = (
				29E1B0FA2814134700BB3227 /* DefaultSongsRepository.swift */,
				29E1B11028152A8D00BB3227 /* DefaulAudioRepository.swift */,
				29E1B1032814149700BB3227 /* Utils */,
			);
			path = Repositories;
			sourceTree = "<group>";
		};
		29E1B0FC2814139D00BB3227 /* Interfaces */ = {
			isa = PBXGroup;
			children = (
				29E1B0FD281413AB00BB3227 /* Repositories */,
			);
			path = Interfaces;
			sourceTree = "<group>";
		};
		29E1B0FD281413AB00BB3227 /* Repositories */ = {
			isa = PBXGroup;
			children = (
				29E1B0FF281413C800BB3227 /* SongsRepository.swift */,
				29E1B11228152B0500BB3227 /* AudioRepository.swift */,
			);
			path = Repositories;
			sourceTree = "<group>";
		};
		29E1B1032814149700BB3227 /* Utils */ = {
			isa = PBXGroup;
			children = (
				29E1B104281414A400BB3227 /* RepositoryTask.swift */,
			);
			path = Utils;
			sourceTree = "<group>";
		};
		29E1B106281414F600BB3227 /* Network */ = {
			isa = PBXGroup;
			children = (
				29E1B1072814156700BB3227 /* APIEndpoints.swift */,
				29E1B1092814159000BB3227 /* DataMapping */,
			);
			path = Network;
			sourceTree = "<group>";
		};
		29E1B1092814159000BB3227 /* DataMapping */ = {
			isa = PBXGroup;
			children = (
				29E1B10A281415AD00BB3227 /* SongsResponseDTO+Mapping.swift */,
			);
			path = DataMapping;
			sourceTree = "<group>";
		};
		29E7386A2816F480006CE487 /* CustomUI */ = {
			isa = PBXGroup;
			children = (
				29E7386B2816F48B006CE487 /* ProgressCircle */,
			);
			path = CustomUI;
			sourceTree = "<group>";
		};
		29E7386B2816F48B006CE487 /* ProgressCircle */ = {
			isa = PBXGroup;
			children = (
				29E7386C2816F4BC006CE487 /* ProgressCicrle.swift */,
			);
			path = ProgressCircle;
			sourceTree = "<group>";
		};
		FAF5169E2812BC1600730323 = {
			isa = PBXGroup;
			children = (
				FAF516A92812BC1600730323 /* BandLabApp */,
				FAF516C12812BC1800730323 /* BandLabAppTests */,
				FAF516A82812BC1600730323 /* Products */,
			);
			sourceTree = "<group>";
		};
		FAF516A82812BC1600730323 /* Products */ = {
			isa = PBXGroup;
			children = (
				FAF516A72812BC1600730323 /* BandLabApp.app */,
				FAF516BE2812BC1800730323 /* BandLabAppTests.xctest */,
			);
			name = Products;
			sourceTree = "<group>";
		};
		FAF516A92812BC1600730323 /* BandLabApp */ = {
			isa = PBXGroup;
			children = (
				FAF516CE2813D6D900730323 /* Application */,
				FAF516CF2813D6EB00730323 /* Presentation */,
				FAF516D02813D6FA00730323 /* Domain */,
				FAF516D12813D70500730323 /* Data */,
				FAF516D22813D70F00730323 /* Infrastructure */,
				29E7386A2816F480006CE487 /* CustomUI */,
				29E1B0F2281407A300BB3227 /* Common */,
				FAF516D42813D72500730323 /* Resources */,
			);
			path = BandLabApp;
			sourceTree = "<group>";
		};
		FAF516C12812BC1800730323 /* BandLabAppTests */ = {
			isa = PBXGroup;
			children = (
				FAF516C22812BC1800730323 /* BandLabAppTests.swift */,
				FAF516C42812BC1800730323 /* Info.plist */,
			);
			path = BandLabAppTests;
			sourceTree = "<group>";
		};
		FAF516CE2813D6D900730323 /* Application */ = {
			isa = PBXGroup;
			children = (
				FAF516AA2812BC1600730323 /* AppDelegate.swift */,
				FAF516E22813DDB100730323 /* AppAppearance.swift */,
				FAF516E82813E0E700730323 /* AppConfiguration.swift */,
				FAF516DC2813DB0D00730323 /* AppFlowCoordinator.swift */,
				FAF516DB2813DAF100730323 /* DIContainers */,
			);
			path = Application;
			sourceTree = "<group>";
		};
		FAF516CF2813D6EB00730323 /* Presentation */ = {
			isa = PBXGroup;
			children = (
				FAF516E42813DEF800730323 /* SongsScene */,
				FAF517012813F74500730323 /* Utils */,
			);
			path = Presentation;
			sourceTree = "<group>";
		};
		FAF516D02813D6FA00730323 /* Domain */ = {
			isa = PBXGroup;
			children = (
				29E1B0F12814078C00BB3227 /* Entities */,
				29E1B0FC2814139D00BB3227 /* Interfaces */,
			);
			path = Domain;
			sourceTree = "<group>";
		};
		FAF516D12813D70500730323 /* Data */ = {
			isa = PBXGroup;
			children = (
				29E1B0F92814132800BB3227 /* Repositories */,
				29E1B106281414F600BB3227 /* Network */,
				FAF516D82813D8D600730323 /* CoreDataStorage */,
			);
			path = Data;
			sourceTree = "<group>";
		};
		FAF516D22813D70F00730323 /* Infrastructure */ = {
			isa = PBXGroup;
			children = (
				FAF516D72813D84300730323 /* Network */,
			);
			path = Infrastructure;
			sourceTree = "<group>";
		};
		FAF516D42813D72500730323 /* Resources */ = {
			isa = PBXGroup;
			children = (
				FAF516B42812BC1800730323 /* Assets.xcassets */,
				FAF516B92812BC1800730323 /* Info.plist */,
				FAF516B62812BC1800730323 /* LaunchScreen.storyboard */,
				FAF516D52813D81D00730323 /* Localizable.strings */,
			);
			path = Resources;
			sourceTree = "<group>";
		};
		FAF516D72813D84300730323 /* Network */ = {
			isa = PBXGroup;
			children = (
				FAF516EA2813E49300730323 /* DataTransferService.swift */,
				FAF516EC2813E54800730323 /* NetworkConfig.swift */,
				FAF516EE2813E5BD00730323 /* NetworkService.swift */,
				29E1B0F7281412A900BB3227 /* Endpoint.swift */,
			);
			path = Network;
			sourceTree = "<group>";
		};
		FAF516D82813D8D600730323 /* CoreDataStorage */ = {
			isa = PBXGroup;
			children = (
				FAF516B12812BC1600730323 /* CoreDataStorage.xcdatamodeld */,
				FAF516D92813DA5F00730323 /* CoreDataStorage.swift */,
			);
			path = CoreDataStorage;
			sourceTree = "<group>";
		};
		FAF516DB2813DAF100730323 /* DIContainers */ = {
			isa = PBXGroup;
			children = (
				FAF516DE2813DB2900730323 /* AppDIContainer.swift */,
				FAF516E02813DC6200730323 /* SongsSceneDIContainer.swift */,
			);
			path = DIContainers;
			sourceTree = "<group>";
		};
		FAF516E42813DEF800730323 /* SongsScene */ = {
			isa = PBXGroup;
			children = (
				FAF516E52813DF0000730323 /* Flows */,
				FAF516F02813F1E200730323 /* SongsList */,
			);
			path = SongsScene;
			sourceTree = "<group>";
		};
		FAF516E52813DF0000730323 /* Flows */ = {
			isa = PBXGroup;
			children = (
				FAF516E62813E01C00730323 /* SongsFlowCoordinator.swift */,
			);
			path = Flows;
			sourceTree = "<group>";
		};
		FAF516F02813F1E200730323 /* SongsList */ = {
			isa = PBXGroup;
			children = (
				FAF516F12813F1F100730323 /* ViewModel */,
				FAF516F22813F20100730323 /* View */,
			);
			path = SongsList;
			sourceTree = "<group>";
		};
		FAF516F12813F1F100730323 /* ViewModel */ = {
			isa = PBXGroup;
			children = (
				FAF516F72813F3B500730323 /* SongsListViewModel.swift */,
				FAF516F92813F3BF00730323 /* SongsListItemViewModel.swift */,
			);
			path = ViewModel;
			sourceTree = "<group>";
		};
		FAF516F22813F20100730323 /* View */ = {
			isa = PBXGroup;
			children = (
				FAF516F32813F22000730323 /* SongsListViewController.swift */,
				FAF516F52813F25600730323 /* SongsListViewController.storyboard */,
				FAF516FB2813F3CA00730323 /* TableView */,
			);
			path = View;
			sourceTree = "<group>";
		};
		FAF516FB2813F3CA00730323 /* TableView */ = {
			isa = PBXGroup;
			children = (
				FAF516FC2813F3E400730323 /* SongsListTableViewController.swift */,
				FAF516FE2813F3EC00730323 /* Cells */,
			);
			path = TableView;
			sourceTree = "<group>";
		};
		FAF516FE2813F3EC00730323 /* Cells */ = {
			isa = PBXGroup;
			children = (
				FAF516FF2813F41000730323 /* SongsListItemCell.swift */,
			);
			path = Cells;
			sourceTree = "<group>";
		};
		FAF517012813F74500730323 /* Utils */ = {
			isa = PBXGroup;
			children = (
				FAF517022813F76F00730323 /* Protocols */,
				29E1B0F528140AB000BB3227 /* Observable.swift */,
			);
			path = Utils;
			sourceTree = "<group>";
		};
		FAF517022813F76F00730323 /* Protocols */ = {
			isa = PBXGroup;
			children = (
				FAF517032813F78100730323 /* StoryboardInstantiable.swift */,
				29E1B10E28141E8900BB3227 /* Alertable.swift */,
			);
			path = Protocols;
			sourceTree = "<group>";
		};
/* End PBXGroup section */

/* Begin PBXNativeTarget section */
		FAF516A62812BC1600730323 /* BandLabApp */ = {
			isa = PBXNativeTarget;
			buildConfigurationList = FAF516C72812BC1800730323 /* Build configuration list for PBXNativeTarget "BandLabApp" */;
			buildPhases = (
				FAF516A32812BC1600730323 /* Sources */,
				FAF516A42812BC1600730323 /* Frameworks */,
				FAF516A52812BC1600730323 /* Resources */,
			);
			buildRules = (
			);
			dependencies = (
			);
			name = BandLabApp;
			productName = BandLabApp;
			productReference = FAF516A72812BC1600730323 /* BandLabApp.app */;
			productType = "com.apple.product-type.application";
		};
		FAF516BD2812BC1800730323 /* BandLabAppTests */ = {
			isa = PBXNativeTarget;
			buildConfigurationList = FAF516CA2812BC1800730323 /* Build configuration list for PBXNativeTarget "BandLabAppTests" */;
			buildPhases = (
				FAF516BA2812BC1800730323 /* Sources */,
				FAF516BB2812BC1800730323 /* Frameworks */,
				FAF516BC2812BC1800730323 /* Resources */,
			);
			buildRules = (
			);
			dependencies = (
				FAF516C02812BC1800730323 /* PBXTargetDependency */,
			);
			name = BandLabAppTests;
			productName = BandLabAppTests;
			productReference = FAF516BE2812BC1800730323 /* BandLabAppTests.xctest */;
			productType = "com.apple.product-type.bundle.unit-test";
		};
/* End PBXNativeTarget section */

/* Begin PBXProject section */
		FAF5169F2812BC1600730323 /* Project object */ = {
			isa = PBXProject;
			attributes = {
				LastSwiftUpdateCheck = 0940;
				LastUpgradeCheck = 1330;
				ORGANIZATIONNAME = AlexeyVasilyev;
				TargetAttributes = {
					FAF516A62812BC1600730323 = {
						CreatedOnToolsVersion = 9.4.1;
					};
					FAF516BD2812BC1800730323 = {
						CreatedOnToolsVersion = 9.4.1;
						TestTargetID = FAF516A62812BC1600730323;
					};
				};
			};
			buildConfigurationList = FAF516A22812BC1600730323 /* Build configuration list for PBXProject "BandLabApp" */;
			compatibilityVersion = "Xcode 9.3";
			developmentRegion = en;
			hasScannedForEncodings = 0;
			knownRegions = (
				en,
				Base,
			);
			mainGroup = FAF5169E2812BC1600730323;
			productRefGroup = FAF516A82812BC1600730323 /* Products */;
			projectDirPath = "";
			projectRoot = "";
			targets = (
				FAF516A62812BC1600730323 /* BandLabApp */,
				FAF516BD2812BC1800730323 /* BandLabAppTests */,
			);
		};
/* End PBXProject section */

/* Begin PBXResourcesBuildPhase section */
		FAF516A52812BC1600730323 /* Resources */ = {
			isa = PBXResourcesBuildPhase;
			buildActionMask = 2147483647;
			files = (
				FAF516F62813F25600730323 /* SongsListViewController.storyboard in Resources */,
				FAF516B82812BC1800730323 /* LaunchScreen.storyboard in Resources */,
				FAF516D62813D81D00730323 /* Localizable.strings in Resources */,
				FAF516B52812BC1800730323 /* Assets.xcassets in Resources */,
			);
			runOnlyForDeploymentPostprocessing = 0;
		};
		FAF516BC2812BC1800730323 /* Resources */ = {
			isa = PBXResourcesBuildPhase;
			buildActionMask = 2147483647;
			files = (
			);
			runOnlyForDeploymentPostprocessing = 0;
		};
/* End PBXResourcesBuildPhase section */

/* Begin PBXSourcesBuildPhase section */
		FAF516A32812BC1600730323 /* Sources */ = {
			isa = PBXSourcesBuildPhase;
			buildActionMask = 2147483647;
			files = (
				FAF516FA2813F3C000730323 /* SongsListItemViewModel.swift in Sources */,
				FAF517002813F41000730323 /* SongsListItemCell.swift in Sources */,
				FAF516DA2813DA5F00730323 /* CoreDataStorage.swift in Sources */,
				FAF516FD2813F3E400730323 /* SongsListTableViewController.swift in Sources */,
				FAF517042813F78100730323 /* StoryboardInstantiable.swift in Sources */,
				FAF516B32812BC1600730323 /* CoreDataStorage.xcdatamodeld in Sources */,
				29E1B10B281415AD00BB3227 /* SongsResponseDTO+Mapping.swift in Sources */,
				FAF516ED2813E54800730323 /* NetworkConfig.swift in Sources */,
				29E1B100281413C800BB3227 /* SongsRepository.swift in Sources */,
				29E1B0F8281412A900BB3227 /* Endpoint.swift in Sources */,
				FAF516F82813F3B500730323 /* SongsListViewModel.swift in Sources */,
				FAF516DF2813DB2900730323 /* AppDIContainer.swift in Sources */,
				FAF516E12813DC6200730323 /* SongsSceneDIContainer.swift in Sources */,
				FAF516DD2813DB0D00730323 /* AppFlowCoordinator.swift in Sources */,
				FAF516F42813F22000730323 /* SongsListViewController.swift in Sources */,
				FAF516E92813E0E700730323 /* AppConfiguration.swift in Sources */,
				FAF516EB2813E49300730323 /* DataTransferService.swift in Sources */,
				29E1B0F4281407BC00BB3227 /* Song.swift in Sources */,
				29E1B0FB2814134700BB3227 /* DefaultSongsRepository.swift in Sources */,
				29E1B11528156D2F00BB3227 /* Trackable.swift in Sources */,
				29E1B11328152B0500BB3227 /* AudioRepository.swift in Sources */,
				29E1B1022814141000BB3227 /* Cancellable.swift in Sources */,
				FAF516AB2812BC1600730323 /* AppDelegate.swift in Sources */,
				29E1B0F628140AB000BB3227 /* Observable.swift in Sources */,
				29E1B1082814156700BB3227 /* APIEndpoints.swift in Sources */,
				29E1B105281414A400BB3227 /* RepositoryTask.swift in Sources */,
				FAF516E32813DDB100730323 /* AppAppearance.swift in Sources */,
				FAF516EF2813E5BD00730323 /* NetworkService.swift in Sources */,
				29E1B10D281419A300BB3227 /* ConnectionError.swift in Sources */,
				29E1B11128152A8D00BB3227 /* DefaulAudioRepository.swift in Sources */,
				29E7386D2816F4BC006CE487 /* ProgressCicrle.swift in Sources */,
				FAF516E72813E01C00730323 /* SongsFlowCoordinator.swift in Sources */,
				29E1B10F28141E8900BB3227 /* Alertable.swift in Sources */,
			);
			runOnlyForDeploymentPostprocessing = 0;
		};
		FAF516BA2812BC1800730323 /* Sources */ = {
			isa = PBXSourcesBuildPhase;
			buildActionMask = 2147483647;
			files = (
				FAF516C32812BC1800730323 /* BandLabAppTests.swift in Sources */,
			);
			runOnlyForDeploymentPostprocessing = 0;
		};
/* End PBXSourcesBuildPhase section */

/* Begin PBXTargetDependency section */
		FAF516C02812BC1800730323 /* PBXTargetDependency */ = {
			isa = PBXTargetDependency;
			target = FAF516A62812BC1600730323 /* BandLabApp */;
			targetProxy = FAF516BF2812BC1800730323 /* PBXContainerItemProxy */;
		};
/* End PBXTargetDependency section */

/* Begin PBXVariantGroup section */
		FAF516B62812BC1800730323 /* LaunchScreen.storyboard */ = {
			isa = PBXVariantGroup;
			children = (
				FAF516B72812BC1800730323 /* Base */,
			);
			name = LaunchScreen.storyboard;
			sourceTree = "<group>";
		};
/* End PBXVariantGroup section */

/* Begin XCBuildConfiguration section */
		FAF516C52812BC1800730323 /* Debug */ = {
			isa = XCBuildConfiguration;
			buildSettings = {
				ALWAYS_SEARCH_USER_PATHS = NO;
				CLANG_ANALYZER_NONNULL = YES;
				CLANG_ANALYZER_NUMBER_OBJECT_CONVERSION = YES_AGGRESSIVE;
				CLANG_CXX_LANGUAGE_STANDARD = "gnu++14";
				CLANG_CXX_LIBRARY = "libc++";
				CLANG_ENABLE_MODULES = YES;
				CLANG_ENABLE_OBJC_ARC = YES;
				CLANG_ENABLE_OBJC_WEAK = YES;
				CLANG_WARN_BLOCK_CAPTURE_AUTORELEASING = YES;
				CLANG_WARN_BOOL_CONVERSION = YES;
				CLANG_WARN_COMMA = YES;
				CLANG_WARN_CONSTANT_CONVERSION = YES;
				CLANG_WARN_DEPRECATED_OBJC_IMPLEMENTATIONS = YES;
				CLANG_WARN_DIRECT_OBJC_ISA_USAGE = YES_ERROR;
				CLANG_WARN_DOCUMENTATION_COMMENTS = YES;
				CLANG_WARN_EMPTY_BODY = YES;
				CLANG_WARN_ENUM_CONVERSION = YES;
				CLANG_WARN_INFINITE_RECURSION = YES;
				CLANG_WARN_INT_CONVERSION = YES;
				CLANG_WARN_NON_LITERAL_NULL_CONVERSION = YES;
				CLANG_WARN_OBJC_IMPLICIT_RETAIN_SELF = YES;
				CLANG_WARN_OBJC_LITERAL_CONVERSION = YES;
				CLANG_WARN_OBJC_ROOT_CLASS = YES_ERROR;
				CLANG_WARN_QUOTED_INCLUDE_IN_FRAMEWORK_HEADER = YES;
				CLANG_WARN_RANGE_LOOP_ANALYSIS = YES;
				CLANG_WARN_STRICT_PROTOTYPES = YES;
				CLANG_WARN_SUSPICIOUS_MOVE = YES;
				CLANG_WARN_UNGUARDED_AVAILABILITY = YES_AGGRESSIVE;
				CLANG_WARN_UNREACHABLE_CODE = YES;
				CLANG_WARN__DUPLICATE_METHOD_MATCH = YES;
				CODE_SIGN_IDENTITY = "iPhone Developer";
				COPY_PHASE_STRIP = NO;
				DEBUG_INFORMATION_FORMAT = dwarf;
				ENABLE_STRICT_OBJC_MSGSEND = YES;
				ENABLE_TESTABILITY = YES;
				GCC_C_LANGUAGE_STANDARD = gnu11;
				GCC_DYNAMIC_NO_PIC = NO;
				GCC_NO_COMMON_BLOCKS = YES;
				GCC_OPTIMIZATION_LEVEL = 0;
				GCC_PREPROCESSOR_DEFINITIONS = (
					"DEBUG=1",
					"$(inherited)",
				);
				GCC_WARN_64_TO_32_BIT_CONVERSION = YES;
				GCC_WARN_ABOUT_RETURN_TYPE = YES_ERROR;
				GCC_WARN_UNDECLARED_SELECTOR = YES;
				GCC_WARN_UNINITIALIZED_AUTOS = YES_AGGRESSIVE;
				GCC_WARN_UNUSED_FUNCTION = YES;
				GCC_WARN_UNUSED_VARIABLE = YES;
				IPHONEOS_DEPLOYMENT_TARGET = 14.7;
				MTL_ENABLE_DEBUG_INFO = YES;
				ONLY_ACTIVE_ARCH = YES;
				SDKROOT = iphoneos;
				SWIFT_ACTIVE_COMPILATION_CONDITIONS = DEBUG;
				SWIFT_OPTIMIZATION_LEVEL = "-Onone";
			};
			name = Debug;
		};
		FAF516C62812BC1800730323 /* Release */ = {
			isa = XCBuildConfiguration;
			buildSettings = {
				ALWAYS_SEARCH_USER_PATHS = NO;
				CLANG_ANALYZER_NONNULL = YES;
				CLANG_ANALYZER_NUMBER_OBJECT_CONVERSION = YES_AGGRESSIVE;
				CLANG_CXX_LANGUAGE_STANDARD = "gnu++14";
				CLANG_CXX_LIBRARY = "libc++";
				CLANG_ENABLE_MODULES = YES;
				CLANG_ENABLE_OBJC_ARC = YES;
				CLANG_ENABLE_OBJC_WEAK = YES;
				CLANG_WARN_BLOCK_CAPTURE_AUTORELEASING = YES;
				CLANG_WARN_BOOL_CONVERSION = YES;
				CLANG_WARN_COMMA = YES;
				CLANG_WARN_CONSTANT_CONVERSION = YES;
				CLANG_WARN_DEPRECATED_OBJC_IMPLEMENTATIONS = YES;
				CLANG_WARN_DIRECT_OBJC_ISA_USAGE = YES_ERROR;
				CLANG_WARN_DOCUMENTATION_COMMENTS = YES;
				CLANG_WARN_EMPTY_BODY = YES;
				CLANG_WARN_ENUM_CONVERSION = YES;
				CLANG_WARN_INFINITE_RECURSION = YES;
				CLANG_WARN_INT_CONVERSION = YES;
				CLANG_WARN_NON_LITERAL_NULL_CONVERSION = YES;
				CLANG_WARN_OBJC_IMPLICIT_RETAIN_SELF = YES;
				CLANG_WARN_OBJC_LITERAL_CONVERSION = YES;
				CLANG_WARN_OBJC_ROOT_CLASS = YES_ERROR;
				CLANG_WARN_QUOTED_INCLUDE_IN_FRAMEWORK_HEADER = YES;
				CLANG_WARN_RANGE_LOOP_ANALYSIS = YES;
				CLANG_WARN_STRICT_PROTOTYPES = YES;
				CLANG_WARN_SUSPICIOUS_MOVE = YES;
				CLANG_WARN_UNGUARDED_AVAILABILITY = YES_AGGRESSIVE;
				CLANG_WARN_UNREACHABLE_CODE = YES;
				CLANG_WARN__DUPLICATE_METHOD_MATCH = YES;
				CODE_SIGN_IDENTITY = "iPhone Developer";
				COPY_PHASE_STRIP = NO;
				DEBUG_INFORMATION_FORMAT = "dwarf-with-dsym";
				ENABLE_NS_ASSERTIONS = NO;
				ENABLE_STRICT_OBJC_MSGSEND = YES;
				GCC_C_LANGUAGE_STANDARD = gnu11;
				GCC_NO_COMMON_BLOCKS = YES;
				GCC_WARN_64_TO_32_BIT_CONVERSION = YES;
				GCC_WARN_ABOUT_RETURN_TYPE = YES_ERROR;
				GCC_WARN_UNDECLARED_SELECTOR = YES;
				GCC_WARN_UNINITIALIZED_AUTOS = YES_AGGRESSIVE;
				GCC_WARN_UNUSED_FUNCTION = YES;
				GCC_WARN_UNUSED_VARIABLE = YES;
				IPHONEOS_DEPLOYMENT_TARGET = 14.7;
				MTL_ENABLE_DEBUG_INFO = NO;
				SDKROOT = iphoneos;
				SWIFT_COMPILATION_MODE = wholemodule;
				SWIFT_OPTIMIZATION_LEVEL = "-O";
				VALIDATE_PRODUCT = YES;
			};
			name = Release;
		};
		FAF516C82812BC1800730323 /* Debug */ = {
			isa = XCBuildConfiguration;
			buildSettings = {
				API_BASE_URL = "https://gist.githubusercontent.com";
				ASSETCATALOG_COMPILER_APPICON_NAME = AppIcon;
				CODE_SIGN_STYLE = Automatic;
				INFOPLIST_FILE = BandLabApp/Resources/Info.plist;
				IPHONEOS_DEPLOYMENT_TARGET = 14.7;
				LD_RUNPATH_SEARCH_PATHS = (
					"$(inherited)",
					"@executable_path/Frameworks",
				);
				PRODUCT_BUNDLE_IDENTIFIER = AlexeyVasilyev.BandLabApp;
				PRODUCT_NAME = "$(TARGET_NAME)";
				SWIFT_VERSION = 5.0;
				TARGETED_DEVICE_FAMILY = "1,2";
			};
			name = Debug;
		};
		FAF516C92812BC1800730323 /* Release */ = {
			isa = XCBuildConfiguration;
			buildSettings = {
				API_BASE_URL = "https://gist.githubusercontent.com";
				ASSETCATALOG_COMPILER_APPICON_NAME = AppIcon;
				CODE_SIGN_STYLE = Automatic;
				INFOPLIST_FILE = BandLabApp/Resources/Info.plist;
				IPHONEOS_DEPLOYMENT_TARGET = 14.7;
				LD_RUNPATH_SEARCH_PATHS = (
					"$(inherited)",
					"@executable_path/Frameworks",
				);
				PRODUCT_BUNDLE_IDENTIFIER = AlexeyVasilyev.BandLabApp;
				PRODUCT_NAME = "$(TARGET_NAME)";
				SWIFT_VERSION = 5.0;
				TARGETED_DEVICE_FAMILY = "1,2";
			};
			name = Release;
		};
		FAF516CB2812BC1800730323 /* Debug */ = {
			isa = XCBuildConfiguration;
			buildSettings = {
				ALWAYS_EMBED_SWIFT_STANDARD_LIBRARIES = YES;
				BUNDLE_LOADER = "$(TEST_HOST)";
				CODE_SIGN_STYLE = Automatic;
				INFOPLIST_FILE = BandLabAppTests/Info.plist;
				LD_RUNPATH_SEARCH_PATHS = (
					"$(inherited)",
					"@executable_path/Frameworks",
					"@loader_path/Frameworks",
				);
				PRODUCT_BUNDLE_IDENTIFIER = AlexeyVasilyev.BandLabAppTests;
				PRODUCT_NAME = "$(TARGET_NAME)";
				SWIFT_VERSION = 5.0;
				TARGETED_DEVICE_FAMILY = "1,2";
				TEST_HOST = "$(BUILT_PRODUCTS_DIR)/BandLabApp.app/BandLabApp";
			};
			name = Debug;
		};
		FAF516CC2812BC1800730323 /* Release */ = {
			isa = XCBuildConfiguration;
			buildSettings = {
				ALWAYS_EMBED_SWIFT_STANDARD_LIBRARIES = YES;
				BUNDLE_LOADER = "$(TEST_HOST)";
				CODE_SIGN_STYLE = Automatic;
				INFOPLIST_FILE = BandLabAppTests/Info.plist;
				LD_RUNPATH_SEARCH_PATHS = (
					"$(inherited)",
					"@executable_path/Frameworks",
					"@loader_path/Frameworks",
				);
				PRODUCT_BUNDLE_IDENTIFIER = AlexeyVasilyev.BandLabAppTests;
				PRODUCT_NAME = "$(TARGET_NAME)";
				SWIFT_VERSION = 5.0;
				TARGETED_DEVICE_FAMILY = "1,2";
				TEST_HOST = "$(BUILT_PRODUCTS_DIR)/BandLabApp.app/BandLabApp";
			};
			name = Release;
		};
/* End XCBuildConfiguration section */

/* Begin XCConfigurationList section */
		FAF516A22812BC1600730323 /* Build configuration list for PBXProject "BandLabApp" */ = {
			isa = XCConfigurationList;
			buildConfigurations = (
				FAF516C52812BC1800730323 /* Debug */,
				FAF516C62812BC1800730323 /* Release */,
			);
			defaultConfigurationIsVisible = 0;
			defaultConfigurationName = Release;
		};
		FAF516C72812BC1800730323 /* Build configuration list for PBXNativeTarget "BandLabApp" */ = {
			isa = XCConfigurationList;
			buildConfigurations = (
				FAF516C82812BC1800730323 /* Debug */,
				FAF516C92812BC1800730323 /* Release */,
			);
			defaultConfigurationIsVisible = 0;
			defaultConfigurationName = Release;
		};
		FAF516CA2812BC1800730323 /* Build configuration list for PBXNativeTarget "BandLabAppTests" */ = {
			isa = XCConfigurationList;
			buildConfigurations = (
				FAF516CB2812BC1800730323 /* Debug */,
				FAF516CC2812BC1800730323 /* Release */,
			);
			defaultConfigurationIsVisible = 0;
			defaultConfigurationName = Release;
		};
/* End XCConfigurationList section */

/* Begin XCVersionGroup section */
		FAF516B12812BC1600730323 /* CoreDataStorage.xcdatamodeld */ = {
			isa = XCVersionGroup;
			children = (
				FAF516B22812BC1600730323 /* BandLabApp.xcdatamodel */,
			);
			currentVersion = FAF516B22812BC1600730323 /* BandLabApp.xcdatamodel */;
			path = CoreDataStorage.xcdatamodeld;
			sourceTree = "<group>";
			versionGroupType = wrapper.xcdatamodel;
		};
/* End XCVersionGroup section */
	};
	rootObject = FAF5169F2812BC1600730323 /* Project object */;
}
